
Microsoft Visual Studio Solution File, Format Version 12.00
# Visual Studio 2012
Project("{FAE04EC0-301F-11D3-BF4B-00C04F79EFBC}") = "DatabaseHandle", "DatabaseHandle\DatabaseHandle.csproj", "{7F6356C4-91BD-4A93-B3A4-2ADDF96D8665}"
EndProject
Project("{FAE04EC0-301F-11D3-BF4B-00C04F79EFBC}") = "DatabaseHandle_test", "DatabaseHandle_test\DatabaseHandle_test.csproj", "{A89BB30B-33A7-4B44-A673-4140D6DDC752}"
EndProject
Global
	GlobalSection(SolutionConfigurationPlatforms) = preSolution
		Debug|Any CPU = Debug|Any CPU
		Release|Any CPU = Release|Any CPU
	EndGlobalSection
	GlobalSection(ProjectConfigurationPlatforms) = postSolution
		{7F6356C4-91BD-4A93-B3A4-2ADDF96D8665}.Debug|Any CPU.ActiveCfg = Debug|Any CPU
		{7F6356C4-91BD-4A93-B3A4-2ADDF96D8665}.Debug|Any CPU.Build.0 = Debug|Any CPU
		{7F6356C4-91BD-4A93-B3A4-2ADDF96D8665}.Release|Any CPU.ActiveCfg = Release|Any CPU
		{7F6356C4-91BD-4A93-B3A4-2ADDF96D8665}.Release|Any CPU.Build.0 = Release|Any CPU
		{A89BB30B-33A7-4B44-A673-4140D6DDC752}.Debug|Any CPU.ActiveCfg = Debug|Any CPU
		{A89BB30B-33A7-4B44-A673-4140D6DDC752}.Debug|Any CPU.Build.0 = Debug|Any CPU
		{A89BB30B-33A7-4B44-A673-4140D6DDC752}.Release|Any CPU.ActiveCfg = Release|Any CPU
		{A89BB30B-33A7-4B44-A673-4140D6DDC752}.Release|Any CPU.Build.0 = Release|Any CPU
	EndGlobalSection
	GlobalSection(SolutionProperties) = preSolution
		HideSolutionNode = FALSE
	EndGlobalSection
EndGlobal
